
Microsoft Visual Studio Solution File, Format Version 12.00
# Visual Studio Version 17
VisualStudioVersion = 17.14.36623.8 d17.14
MinimumVisualStudioVersion = 10.0.40219.1
Project("{888888A0-9F3D-457C-B088-3A5042F75D52}") = "MusicLibraryBeautifier", "MusicLibraryBeautifier\MusicLibraryBeautifier.pyproj", "{CAB49D49-2300-423C-A442-0F073E615408}"
EndProject
Global
	GlobalSection(SolutionConfigurationPlatforms) = preSolution
		Debug|Any CPU = Debug|Any CPU
		Release|Any CPU = Release|Any CPU
	EndGlobalSection
	GlobalSection(ProjectConfigurationPlatforms) = postSolution
		{CAB49D49-2300-423C-A442-0F073E615408}.Debug|Any CPU.ActiveCfg = Debug|Any CPU
		{CAB49D49-2300-423C-A442-0F073E615408}.Release|Any CPU.ActiveCfg = Release|Any CPU
	EndGlobalSection
	GlobalSection(SolutionProperties) = preSolution
		HideSolutionNode = FALSE
	EndGlobalSection
	GlobalSection(ExtensibilityGlobals) = postSolution
		SolutionGuid = {0E92544D-F8BC-47A8-BC64-50166A4EB428}
	EndGlobalSection
EndGlobal
